Microsoft Visual Studio Solution File, Format Version 12.00
# Visual Studio 2013
VisualStudioVersion = 12.0.40629.0
MinimumVisualStudioVersion = 10.0.40219.1
Project("{FAE04EC0-301F-11D3-BF4B-00C04F79EFBC}") = "CMS.Web", "CMS.Web\CMS.Web.csproj", "{DD158F08-6E8F-4234-B3F6-A5402C8E34CC}"
EndProject
Project("{FAE04EC0-301F-11D3-BF4B-00C04F79EFBC}") = "CMS.Core", "CMS.Core\CMS.Core.csproj", "{723B7D30-6472-4B96-8D09-4F094C96650E}"
EndProject
Project("{FAE04EC0-301F-11D3-BF4B-00C04F79EFBC}") = "CMS.ServerControls", "CMS.ServerControls\CMS.ServerControls.csproj", "{C64DAA00-AAB1-4AC7-ADE2-119B53B9666A}"
EndProject
Project("{FAE04EC0-301F-11D3-BF4B-00C04F79EFBC}") = "Portal.Modules.OrientalSails.HangFire", "Portal.Modules.Orientalsails.HangFire\Portal.Modules.OrientalSails.HangFire.csproj", "{86FECBEE-A266-4538-9C95-1EA3148C3FDA}"
EndProject
Project("{FAE04EC0-301F-11D3-BF4B-00C04F79EFBC}") = "Portal.Modules.OrientalSails.Service.Share", "Portal.Modules.OrientalSails.Service.Share\Portal.Modules.OrientalSails.Service.Share.csproj", "{73363D45-1515-416B-B845-10CDE91F150F}"
EndProject
Global
	GlobalSection(SolutionConfigurationPlatforms) = preSolution
		Debug|Any CPU = Debug|Any CPU
		Release|Any CPU = Release|Any CPU
	EndGlobalSection
	GlobalSection(ProjectConfigurationPlatforms) = postSolution
		{DD158F08-6E8F-4234-B3F6-A5402C8E34CC}.Debug|Any CPU.ActiveCfg = Debug|Any CPU
		{DD158F08-6E8F-4234-B3F6-A5402C8E34CC}.Debug|Any CPU.Build.0 = Debug|Any CPU
		{DD158F08-6E8F-4234-B3F6-A5402C8E34CC}.Release|Any CPU.ActiveCfg = Release|Any CPU
		{DD158F08-6E8F-4234-B3F6-A5402C8E34CC}.Release|Any CPU.Build.0 = Release|Any CPU
		{723B7D30-6472-4B96-8D09-4F094C96650E}.Debug|Any CPU.ActiveCfg = Debug|Any CPU
		{723B7D30-6472-4B96-8D09-4F094C96650E}.Debug|Any CPU.Build.0 = Debug|Any CPU
		{723B7D30-6472-4B96-8D09-4F094C96650E}.Release|Any CPU.ActiveCfg = Release|Any CPU
		{723B7D30-6472-4B96-8D09-4F094C96650E}.Release|Any CPU.Build.0 = Release|Any CPU
		{C64DAA00-AAB1-4AC7-ADE2-119B53B9666A}.Debug|Any CPU.ActiveCfg = Debug|Any CPU
		{C64DAA00-AAB1-4AC7-ADE2-119B53B9666A}.Debug|Any CPU.Build.0 = Debug|Any CPU
		{C64DAA00-AAB1-4AC7-ADE2-119B53B9666A}.Release|Any CPU.ActiveCfg = Release|Any CPU
		{C64DAA00-AAB1-4AC7-ADE2-119B53B9666A}.Release|Any CPU.Build.0 = Release|Any CPU
		{86FECBEE-A266-4538-9C95-1EA3148C3FDA}.Debug|Any CPU.ActiveCfg = Debug|Any CPU
		{86FECBEE-A266-4538-9C95-1EA3148C3FDA}.Debug|Any CPU.Build.0 = Debug|Any CPU
		{86FECBEE-A266-4538-9C95-1EA3148C3FDA}.Release|Any CPU.ActiveCfg = Release|Any CPU
		{86FECBEE-A266-4538-9C95-1EA3148C3FDA}.Release|Any CPU.Build.0 = Release|Any CPU
		{73363D45-1515-416B-B845-10CDE91F150F}.Debug|Any CPU.ActiveCfg = Debug|Any CPU
		{73363D45-1515-416B-B845-10CDE91F150F}.Debug|Any CPU.Build.0 = Debug|Any CPU
		{73363D45-1515-416B-B845-10CDE91F150F}.Release|Any CPU.ActiveCfg = Release|Any CPU
		{73363D45-1515-416B-B845-10CDE91F150F}.Release|Any CPU.Build.0 = Release|Any CPU
	EndGlobalSection
	GlobalSection(SolutionProperties) = preSolution
		HideSolutionNode = FALSE
	EndGlobalSection
	GlobalSection(ExtensibilityGlobals) = postSolution
		VisualSVNWorkingCopyRoot = .
	EndGlobalSection
	GlobalSection(SubversionScc) = preSolution
		Svn-Managed = True
		Manager = AnkhSVN - Subversion Support for Visual Studio
	EndGlobalSection
EndGlobal
